
Microsoft Visual Studio Solution File, Format Version 12.00
# Visual Studio 15
VisualStudioVersion = 15.0.28010.2003
MinimumVisualStudioVersion = 10.0.40219.1
Project("{FAE04EC0-301F-11D3-BF4B-00C04F79EFBC}") = "TRS2004Edit", "TRS2004Edit\TRS2004Edit.csproj", "{86FF1016-897E-42D6-9E60-60EEE9D8656D}"
EndProject
Global
	GlobalSection(SolutionConfigurationPlatforms) = preSolution
		Debug|Any CPU = Debug|Any CPU
		Release|Any CPU = Release|Any CPU
	EndGlobalSection
	GlobalSection(ProjectConfigurationPlatforms) = postSolution
		{86FF1016-897E-42D6-9E60-60EEE9D8656D}.Debug|Any CPU.ActiveCfg = Debug|Any CPU
		{86FF1016-897E-42D6-9E60-60EEE9D8656D}.Debug|Any CPU.Build.0 = Debug|Any CPU
		{86FF1016-897E-42D6-9E60-60EEE9D8656D}.Release|Any CPU.ActiveCfg = Release|Any CPU
		{86FF1016-897E-42D6-9E60-60EEE9D8656D}.Release|Any CPU.Build.0 = Release|Any CPU
	EndGlobalSection
	GlobalSection(SolutionProperties) = preSolution
		HideSolutionNode = FALSE
	EndGlobalSection
	GlobalSection(ExtensibilityGlobals) = postSolution
		SolutionGuid = {E475F081-0C66-421F-B5D2-34C1D72EBD05}
	EndGlobalSection
EndGlobal
